// !$*UTF8*$!
{
	archiveVersion = 1;
	classes = {
	};
	objectVersion = 48;
	objects = {

/* Begin PBXBuildFile section */
		68981E1A2060613300D8C040 /* LineComponent.swift in Sources */ = {isa = PBXBuildFile; fileRef = 68981E192060613300D8C040 /* LineComponent.swift */; };
		68981E1C2060618600D8C040 /* LineCell.swift in Sources */ = {isa = PBXBuildFile; fileRef = 68981E1B2060618600D8C040 /* LineCell.swift */; };
		68F4B52B205EFA0100017D9F /* AppDelegate.swift in Sources */ = {isa = PBXBuildFile; fileRef = 68F4B52A205EFA0100017D9F /* AppDelegate.swift */; };
		68F4B52D205EFA0100017D9F /* DocumentBrowserViewController.swift in Sources */ = {isa = PBXBuildFile; fileRef = 68F4B52C205EFA0100017D9F /* DocumentBrowserViewController.swift */; };
		68F4B52F205EFA0100017D9F /* DocumentViewController.swift in Sources */ = {isa = PBXBuildFile; fileRef = 68F4B52E205EFA0100017D9F /* DocumentViewController.swift */; };
		68F4B531205EFA0100017D9F /* OrgDocument.swift in Sources */ = {isa = PBXBuildFile; fileRef = 68F4B530205EFA0100017D9F /* OrgDocument.swift */; };
		68F4B536205EFA0100017D9F /* Assets.xcassets in Resources */ = {isa = PBXBuildFile; fileRef = 68F4B535205EFA0100017D9F /* Assets.xcassets */; };
		68F4B539205EFA0100017D9F /* LaunchScreen.storyboard in Resources */ = {isa = PBXBuildFile; fileRef = 68F4B537205EFA0100017D9F /* LaunchScreen.storyboard */; };
		68F4B54F205EFA0100017D9F /* iOrgUITests.swift in Sources */ = {isa = PBXBuildFile; fileRef = 68F4B54E205EFA0100017D9F /* iOrgUITests.swift */; };
		68F4B561205EFA1500017D9F /* ViewController.swift in Sources */ = {isa = PBXBuildFile; fileRef = 68F4B55C205EFA1500017D9F /* ViewController.swift */; };
		68F4B565205EFA1500017D9F /* Tokens.swift in Sources */ = {isa = PBXBuildFile; fileRef = 68F4B560205EFA1500017D9F /* Tokens.swift */; };
		68F4B56E205EFFAE00017D9F /* NSTextCheckingResultPlus.swift in Sources */ = {isa = PBXBuildFile; fileRef = 68F4B56C205EFFAE00017D9F /* NSTextCheckingResultPlus.swift */; };
		68F4B56F205EFFAE00017D9F /* StringPlus.swift in Sources */ = {isa = PBXBuildFile; fileRef = 68F4B56D205EFFAE00017D9F /* StringPlus.swift */; };
		68F4B572205F001B00017D9F /* StringPlusTests.swift in Sources */ = {isa = PBXBuildFile; fileRef = 68F4B570205F001B00017D9F /* StringPlusTests.swift */; };
		68F4B573205F001B00017D9F /* OrgParserTests.swift in Sources */ = {isa = PBXBuildFile; fileRef = 68F4B571205F001B00017D9F /* OrgParserTests.swift */; };
		68F4B575205F0B1500017D9F /* iOrgTests.swift in Sources */ = {isa = PBXBuildFile; fileRef = 68F4B574205F0B1500017D9F /* iOrgTests.swift */; };
		68F4B578205F0CED00017D9F /* OrgParser.swift in Sources */ = {isa = PBXBuildFile; fileRef = 68F4B576205F0CED00017D9F /* OrgParser.swift */; };
		68F4B57D205F0E0C00017D9F /* Main.storyboard in Resources */ = {isa = PBXBuildFile; fileRef = 68F4B57B205F0E0C00017D9F /* Main.storyboard */; };
		68F4B580205F1EC100017D9F /* HeadlineCell.swift in Sources */ = {isa = PBXBuildFile; fileRef = 68F4B57F205F1EC100017D9F /* HeadlineCell.swift */; };
		68F4B582205F205400017D9F /* OrgUIComponentCell.swift in Sources */ = {isa = PBXBuildFile; fileRef = 68F4B581205F205400017D9F /* OrgUIComponentCell.swift */; };
		68F4B585205F6EF300017D9F /* OrgComponent.swift in Sources */ = {isa = PBXBuildFile; fileRef = 68F4B584205F6EF300017D9F /* OrgComponent.swift */; };
		68F4B587205F70AF00017D9F /* HeadlineComponent.swift in Sources */ = {isa = PBXBuildFile; fileRef = 68F4B586205F70AF00017D9F /* HeadlineComponent.swift */; };
		68F4B589205FE9F300017D9F /* TODOComponent.swift in Sources */ = {isa = PBXBuildFile; fileRef = 68F4B588205FE9F300017D9F /* TODOComponent.swift */; };
/* End PBXBuildFile section */

/* Begin PBXContainerItemProxy section */
		68F4B540205EFA0100017D9F /* PBXContainerItemProxy */ = {
			isa = PBXContainerItemProxy;
			containerPortal = 68F4B51F205EFA0100017D9F /* Project object */;
			proxyType = 1;
			remoteGlobalIDString = 68F4B526205EFA0100017D9F;
			remoteInfo = iOrg;
		};
		68F4B54B205EFA0100017D9F /* PBXContainerItemProxy */ = {
			isa = PBXContainerItemProxy;
			containerPortal = 68F4B51F205EFA0100017D9F /* Project object */;
			proxyType = 1;
			remoteGlobalIDString = 68F4B526205EFA0100017D9F;
			remoteInfo = iOrg;
		};
/* End PBXContainerItemProxy section */

/* Begin PBXFileReference section */
		68981E192060613300D8C040 /* LineComponent.swift */ = {isa = PBXFileReference; lastKnownFileType = sourcecode.swift; path = LineComponent.swift; sourceTree = "<group>"; };
		68981E1B2060618600D8C040 /* LineCell.swift */ = {isa = PBXFileReference; lastKnownFileType = sourcecode.swift; path = LineCell.swift; sourceTree = "<group>"; };
		68F4B527205EFA0100017D9F /* iOrg.app */ = {isa = PBXFileReference; explicitFileType = wrapper.application; includeInIndex = 0; path = iOrg.app; sourceTree = BUILT_PRODUCTS_DIR; };
		68F4B52A205EFA0100017D9F /* AppDelegate.swift */ = {isa = PBXFileReference; lastKnownFileType = sourcecode.swift; path = AppDelegate.swift; sourceTree = "<group>"; };
		68F4B52C205EFA0100017D9F /* DocumentBrowserViewController.swift */ = {isa = PBXFileReference; lastKnownFileType = sourcecode.swift; path = DocumentBrowserViewController.swift; sourceTree = "<group>"; };
		68F4B52E205EFA0100017D9F /* DocumentViewController.swift */ = {isa = PBXFileReference; lastKnownFileType = sourcecode.swift; path = DocumentViewController.swift; sourceTree = "<group>"; };
		68F4B530205EFA0100017D9F /* OrgDocument.swift */ = {isa = PBXFileReference; lastKnownFileType = sourcecode.swift; path = OrgDocument.swift; sourceTree = "<group>"; };
		68F4B535205EFA0100017D9F /* Assets.xcassets */ = {isa = PBXFileReference; lastKnownFileType = folder.assetcatalog; path = Assets.xcassets; sourceTree = "<group>"; };
		68F4B538205EFA0100017D9F /* Base */ = {isa = PBXFileReference; lastKnownFileType = file.storyboard; name = Base; path = Base.lproj/LaunchScreen.storyboard; sourceTree = "<group>"; };
		68F4B53A205EFA0100017D9F /* Info.plist */ = {isa = PBXFileReference; lastKnownFileType = text.plist.xml; path = Info.plist; sourceTree = "<group>"; };
		68F4B53F205EFA0100017D9F /* iOrgTests.xctest */ = {isa = PBXFileReference; explicitFileType = wrapper.cfbundle; includeInIndex = 0; path = iOrgTests.xctest; sourceTree = BUILT_PRODUCTS_DIR; };
		68F4B545205EFA0100017D9F /* Info.plist */ = {isa = PBXFileReference; lastKnownFileType = text.plist.xml; path = Info.plist; sourceTree = "<group>"; };
		68F4B54A205EFA0100017D9F /* iOrgUITests.xctest */ = {isa = PBXFileReference; explicitFileType = wrapper.cfbundle; includeInIndex = 0; path = iOrgUITests.xctest; sourceTree = BUILT_PRODUCTS_DIR; };
		68F4B54E205EFA0100017D9F /* iOrgUITests.swift */ = {isa = PBXFileReference; lastKnownFileType = sourcecode.swift; path = iOrgUITests.swift; sourceTree = "<group>"; };
		68F4B550205EFA0100017D9F /* Info.plist */ = {isa = PBXFileReference; lastKnownFileType = text.plist.xml; path = Info.plist; sourceTree = "<group>"; };
		68F4B55C205EFA1500017D9F /* ViewController.swift */ = {isa = PBXFileReference; fileEncoding = 4; lastKnownFileType = sourcecode.swift; path = ViewController.swift; sourceTree = "<group>"; };
		68F4B560205EFA1500017D9F /* Tokens.swift */ = {isa = PBXFileReference; fileEncoding = 4; lastKnownFileType = sourcecode.swift; path = Tokens.swift; sourceTree = "<group>"; };
		68F4B56C205EFFAE00017D9F /* NSTextCheckingResultPlus.swift */ = {isa = PBXFileReference; fileEncoding = 4; lastKnownFileType = sourcecode.swift; path = NSTextCheckingResultPlus.swift; sourceTree = "<group>"; };
		68F4B56D205EFFAE00017D9F /* StringPlus.swift */ = {isa = PBXFileReference; fileEncoding = 4; lastKnownFileType = sourcecode.swift; path = StringPlus.swift; sourceTree = "<group>"; };
		68F4B570205F001B00017D9F /* StringPlusTests.swift */ = {isa = PBXFileReference; fileEncoding = 4; lastKnownFileType = sourcecode.swift; path = StringPlusTests.swift; sourceTree = "<group>"; };
		68F4B571205F001B00017D9F /* OrgParserTests.swift */ = {isa = PBXFileReference; fileEncoding = 4; lastKnownFileType = sourcecode.swift; path = OrgParserTests.swift; sourceTree = "<group>"; };
		68F4B574205F0B1500017D9F /* iOrgTests.swift */ = {isa = PBXFileReference; fileEncoding = 4; lastKnownFileType = sourcecode.swift; path = iOrgTests.swift; sourceTree = "<group>"; };
		68F4B576205F0CED00017D9F /* OrgParser.swift */ = {isa = PBXFileReference; fileEncoding = 4; lastKnownFileType = sourcecode.swift; name = OrgParser.swift; path = iOrg/OrgParser.swift; sourceTree = SOURCE_ROOT; };
		68F4B57A205F0DC500017D9F /* iOrg.entitlements */ = {isa = PBXFileReference; lastKnownFileType = text.plist.entitlements; path = iOrg.entitlements; sourceTree = "<group>"; };
		68F4B57C205F0E0C00017D9F /* Base */ = {isa = PBXFileReference; lastKnownFileType = file.storyboard; name = Base; path = Base.lproj/Main.storyboard; sourceTree = "<group>"; };
		68F4B57F205F1EC100017D9F /* HeadlineCell.swift */ = {isa = PBXFileReference; lastKnownFileType = sourcecode.swift; path = HeadlineCell.swift; sourceTree = "<group>"; };
		68F4B581205F205400017D9F /* OrgUIComponentCell.swift */ = {isa = PBXFileReference; lastKnownFileType = sourcecode.swift; path = OrgUIComponentCell.swift; sourceTree = "<group>"; };
		68F4B584205F6EF300017D9F /* OrgComponent.swift */ = {isa = PBXFileReference; lastKnownFileType = sourcecode.swift; path = OrgComponent.swift; sourceTree = "<group>"; };
		68F4B586205F70AF00017D9F /* HeadlineComponent.swift */ = {isa = PBXFileReference; lastKnownFileType = sourcecode.swift; path = HeadlineComponent.swift; sourceTree = "<group>"; };
		68F4B588205FE9F300017D9F /* TODOComponent.swift */ = {isa = PBXFileReference; lastKnownFileType = sourcecode.swift; path = TODOComponent.swift; sourceTree = "<group>"; };
/* End PBXFileReference section */

/* Begin PBXFrameworksBuildPhase section */
		68F4B524205EFA0100017D9F /* Frameworks */ = {
			isa = PBXFrameworksBuildPhase;
			buildActionMask = 2147483647;
			files = (
			);
			runOnlyForDeploymentPostprocessing = 0;
		};
		68F4B53C205EFA0100017D9F /* Frameworks */ = {
			isa = PBXFrameworksBuildPhase;
			buildActionMask = 2147483647;
			files = (
			);
			runOnlyForDeploymentPostprocessing = 0;
		};
		68F4B547205EFA0100017D9F /* Frameworks */ = {
			isa = PBXFrameworksBuildPhase;
			buildActionMask = 2147483647;
			files = (
			);
			runOnlyForDeploymentPostprocessing = 0;
		};
/* End PBXFrameworksBuildPhase section */

/* Begin PBXGroup section */
		68F4B51E205EFA0100017D9F = {
			isa = PBXGroup;
			children = (
				68F4B529205EFA0100017D9F /* iOrg */,
				68F4B542205EFA0100017D9F /* iOrgTests */,
				68F4B54D205EFA0100017D9F /* iOrgUITests */,
				68F4B528205EFA0100017D9F /* Products */,
			);
			sourceTree = "<group>";
		};
		68F4B528205EFA0100017D9F /* Products */ = {
			isa = PBXGroup;
			children = (
				68F4B527205EFA0100017D9F /* iOrg.app */,
				68F4B53F205EFA0100017D9F /* iOrgTests.xctest */,
				68F4B54A205EFA0100017D9F /* iOrgUITests.xctest */,
			);
			name = Products;
			sourceTree = "<group>";
		};
		68F4B529205EFA0100017D9F /* iOrg */ = {
			isa = PBXGroup;
			children = (
				68F4B52C205EFA0100017D9F /* DocumentBrowserViewController.swift */,
				68F4B52E205EFA0100017D9F /* DocumentViewController.swift */,
				68F4B56B205EFFAE00017D9F /* Helpers */,
				68F4B537205EFA0100017D9F /* LaunchScreen.storyboard */,
				68F4B57B205F0E0C00017D9F /* Main.storyboard */,
				68F4B583205F6E6C00017D9F /* OrgComponents */,
				68F4B530205EFA0100017D9F /* OrgDocument.swift */,
				68F4B576205F0CED00017D9F /* OrgParser.swift */,
				68F4B57E205F1EAA00017D9F /* OrgUIComponents */,
				68F4B566205EFA1C00017D9F /* Supporting Files */,
				68F4B560205EFA1500017D9F /* Tokens.swift */,
				68F4B55C205EFA1500017D9F /* ViewController.swift */,
			);
			path = iOrg;
			sourceTree = "<group>";
		};
		68F4B542205EFA0100017D9F /* iOrgTests */ = {
			isa = PBXGroup;
			children = (
				68F4B545205EFA0100017D9F /* Info.plist */,
				68F4B574205F0B1500017D9F /* iOrgTests.swift */,
				68F4B571205F001B00017D9F /* OrgParserTests.swift */,
				68F4B570205F001B00017D9F /* StringPlusTests.swift */,
			);
			path = iOrgTests;
			sourceTree = "<group>";
		};
		68F4B54D205EFA0100017D9F /* iOrgUITests */ = {
			isa = PBXGroup;
			children = (
				68F4B54E205EFA0100017D9F /* iOrgUITests.swift */,
				68F4B550205EFA0100017D9F /* Info.plist */,
			);
			path = iOrgUITests;
			sourceTree = "<group>";
		};
		68F4B566205EFA1C00017D9F /* Supporting Files */ = {
			isa = PBXGroup;
			children = (
				68F4B52A205EFA0100017D9F /* AppDelegate.swift */,
				68F4B535205EFA0100017D9F /* Assets.xcassets */,
				68F4B53A205EFA0100017D9F /* Info.plist */,
				68F4B57A205F0DC500017D9F /* iOrg.entitlements */,
			);
			path = "Supporting Files";
			sourceTree = "<group>";
		};
		68F4B56B205EFFAE00017D9F /* Helpers */ = {
			isa = PBXGroup;
			children = (
				68F4B56C205EFFAE00017D9F /* NSTextCheckingResultPlus.swift */,
				68F4B56D205EFFAE00017D9F /* StringPlus.swift */,
			);
			path = Helpers;
			sourceTree = "<group>";
		};
		68F4B57E205F1EAA00017D9F /* OrgUIComponents */ = {
			isa = PBXGroup;
			children = (
				68F4B57F205F1EC100017D9F /* HeadlineCell.swift */,
				68981E1B2060618600D8C040 /* LineCell.swift */,
				68F4B581205F205400017D9F /* OrgUIComponentCell.swift */,
			);
			path = OrgUIComponents;
			sourceTree = "<group>";
		};
		68F4B583205F6E6C00017D9F /* OrgComponents */ = {
			isa = PBXGroup;
			children = (
				68F4B586205F70AF00017D9F /* HeadlineComponent.swift */,
				68F4B584205F6EF300017D9F /* OrgComponent.swift */,
				68981E192060613300D8C040 /* LineComponent.swift */,
				68F4B588205FE9F300017D9F /* TODOComponent.swift */,
			);
			path = OrgComponents;
			sourceTree = "<group>";
		};
/* End PBXGroup section */

/* Begin PBXNativeTarget section */
		68F4B526205EFA0100017D9F /* iOrg */ = {
			isa = PBXNativeTarget;
			buildConfigurationList = 68F4B553205EFA0100017D9F /* Build configuration list for PBXNativeTarget "iOrg" */;
			buildPhases = (
				68F4B523205EFA0100017D9F /* Sources */,
				68F4B524205EFA0100017D9F /* Frameworks */,
				68F4B525205EFA0100017D9F /* Resources */,
			);
			buildRules = (
			);
			dependencies = (
			);
			name = iOrg;
			productName = iOrg;
			productReference = 68F4B527205EFA0100017D9F /* iOrg.app */;
			productType = "com.apple.product-type.application";
		};
		68F4B53E205EFA0100017D9F /* iOrgTests */ = {
			isa = PBXNativeTarget;
			buildConfigurationList = 68F4B556205EFA0100017D9F /* Build configuration list for PBXNativeTarget "iOrgTests" */;
			buildPhases = (
				68F4B53B205EFA0100017D9F /* Sources */,
				68F4B53C205EFA0100017D9F /* Frameworks */,
				68F4B53D205EFA0100017D9F /* Resources */,
			);
			buildRules = (
			);
			dependencies = (
				68F4B541205EFA0100017D9F /* PBXTargetDependency */,
			);
			name = iOrgTests;
			productName = iOrgTests;
			productReference = 68F4B53F205EFA0100017D9F /* iOrgTests.xctest */;
			productType = "com.apple.product-type.bundle.unit-test";
		};
		68F4B549205EFA0100017D9F /* iOrgUITests */ = {
			isa = PBXNativeTarget;
			buildConfigurationList = 68F4B559205EFA0100017D9F /* Build configuration list for PBXNativeTarget "iOrgUITests" */;
			buildPhases = (
				68F4B546205EFA0100017D9F /* Sources */,
				68F4B547205EFA0100017D9F /* Frameworks */,
				68F4B548205EFA0100017D9F /* Resources */,
			);
			buildRules = (
			);
			dependencies = (
				68F4B54C205EFA0100017D9F /* PBXTargetDependency */,
			);
			name = iOrgUITests;
			productName = iOrgUITests;
			productReference = 68F4B54A205EFA0100017D9F /* iOrgUITests.xctest */;
			productType = "com.apple.product-type.bundle.ui-testing";
		};
/* End PBXNativeTarget section */

/* Begin PBXProject section */
		68F4B51F205EFA0100017D9F /* Project object */ = {
			isa = PBXProject;
			attributes = {
				LastSwiftUpdateCheck = 0920;
				LastUpgradeCheck = 0920;
				ORGANIZATIONNAME = "Garrett Davidson";
				TargetAttributes = {
					68F4B526205EFA0100017D9F = {
						CreatedOnToolsVersion = 9.2;
						ProvisioningStyle = Automatic;
						SystemCapabilities = {
							com.apple.iCloud = {
								enabled = 1;
							};
						};
					};
					68F4B53E205EFA0100017D9F = {
						CreatedOnToolsVersion = 9.2;
						ProvisioningStyle = Automatic;
						TestTargetID = 68F4B526205EFA0100017D9F;
					};
					68F4B549205EFA0100017D9F = {
						CreatedOnToolsVersion = 9.2;
						ProvisioningStyle = Automatic;
						TestTargetID = 68F4B526205EFA0100017D9F;
					};
				};
			};
			buildConfigurationList = 68F4B522205EFA0100017D9F /* Build configuration list for PBXProject "iOrg" */;
			compatibilityVersion = "Xcode 8.0";
			developmentRegion = en;
			hasScannedForEncodings = 0;
			knownRegions = (
				en,
				Base,
			);
			mainGroup = 68F4B51E205EFA0100017D9F;
			productRefGroup = 68F4B528205EFA0100017D9F /* Products */;
			projectDirPath = "";
			projectRoot = "";
			targets = (
				68F4B526205EFA0100017D9F /* iOrg */,
				68F4B53E205EFA0100017D9F /* iOrgTests */,
				68F4B549205EFA0100017D9F /* iOrgUITests */,
			);
		};
/* End PBXProject section */

/* Begin PBXResourcesBuildPhase section */
		68F4B525205EFA0100017D9F /* Resources */ = {
			isa = PBXResourcesBuildPhase;
			buildActionMask = 2147483647;
			files = (
				68F4B57D205F0E0C00017D9F /* Main.storyboard in Resources */,
				68F4B539205EFA0100017D9F /* LaunchScreen.storyboard in Resources */,
				68F4B536205EFA0100017D9F /* Assets.xcassets in Resources */,
			);
			runOnlyForDeploymentPostprocessing = 0;
		};
		68F4B53D205EFA0100017D9F /* Resources */ = {
			isa = PBXResourcesBuildPhase;
			buildActionMask = 2147483647;
			files = (
			);
			runOnlyForDeploymentPostprocessing = 0;
		};
		68F4B548205EFA0100017D9F /* Resources */ = {
			isa = PBXResourcesBuildPhase;
			buildActionMask = 2147483647;
			files = (
			);
			runOnlyForDeploymentPostprocessing = 0;
		};
/* End PBXResourcesBuildPhase section */

/* Begin PBXSourcesBuildPhase section */
		68F4B523205EFA0100017D9F /* Sources */ = {
			isa = PBXSourcesBuildPhase;
			buildActionMask = 2147483647;
			files = (
				68F4B582205F205400017D9F /* OrgUIComponentCell.swift in Sources */,
				68981E1C2060618600D8C040 /* LineCell.swift in Sources */,
				68F4B561205EFA1500017D9F /* ViewController.swift in Sources */,
				68F4B585205F6EF300017D9F /* OrgComponent.swift in Sources */,
				68F4B531205EFA0100017D9F /* OrgDocument.swift in Sources */,
				68F4B589205FE9F300017D9F /* TODOComponent.swift in Sources */,
				68F4B56F205EFFAE00017D9F /* StringPlus.swift in Sources */,
				68981E1A2060613300D8C040 /* LineComponent.swift in Sources */,
				68F4B52F205EFA0100017D9F /* DocumentViewController.swift in Sources */,
				68F4B52D205EFA0100017D9F /* DocumentBrowserViewController.swift in Sources */,
				68F4B580205F1EC100017D9F /* HeadlineCell.swift in Sources */,
				68F4B52B205EFA0100017D9F /* AppDelegate.swift in Sources */,
				68F4B578205F0CED00017D9F /* OrgParser.swift in Sources */,
				68F4B587205F70AF00017D9F /* HeadlineComponent.swift in Sources */,
				68F4B56E205EFFAE00017D9F /* NSTextCheckingResultPlus.swift in Sources */,
				68F4B565205EFA1500017D9F /* Tokens.swift in Sources */,
			);
			runOnlyForDeploymentPostprocessing = 0;
		};
		68F4B53B205EFA0100017D9F /* Sources */ = {
			isa = PBXSourcesBuildPhase;
			buildActionMask = 2147483647;
			files = (
				68F4B575205F0B1500017D9F /* iOrgTests.swift in Sources */,
				68F4B572205F001B00017D9F /* StringPlusTests.swift in Sources */,
				68F4B573205F001B00017D9F /* OrgParserTests.swift in Sources */,
			);
			runOnlyForDeploymentPostprocessing = 0;
		};
		68F4B546205EFA0100017D9F /* Sources */ = {
			isa = PBXSourcesBuildPhase;
			buildActionMask = 2147483647;
			files = (
				68F4B54F205EFA0100017D9F /* iOrgUITests.swift in Sources */,
			);
			runOnlyForDeploymentPostprocessing = 0;
		};
/* End PBXSourcesBuildPhase section */

/* Begin PBXTargetDependency section */
		68F4B541205EFA0100017D9F /* PBXTargetDependency */ = {
			isa = PBXTargetDependency;
			target = 68F4B526205EFA0100017D9F /* iOrg */;
			targetProxy = 68F4B540205EFA0100017D9F /* PBXContainerItemProxy */;
		};
		68F4B54C205EFA0100017D9F /* PBXTargetDependency */ = {
			isa = PBXTargetDependency;
			target = 68F4B526205EFA0100017D9F /* iOrg */;
			targetProxy = 68F4B54B205EFA0100017D9F /* PBXContainerItemProxy */;
		};
/* End PBXTargetDependency section */

/* Begin PBXVariantGroup section */
		68F4B537205EFA0100017D9F /* LaunchScreen.storyboard */ = {
			isa = PBXVariantGroup;
			children = (
				68F4B538205EFA0100017D9F /* Base */,
			);
			name = LaunchScreen.storyboard;
			sourceTree = "<group>";
		};
		68F4B57B205F0E0C00017D9F /* Main.storyboard */ = {
			isa = PBXVariantGroup;
			children = (
				68F4B57C205F0E0C00017D9F /* Base */,
			);
			name = Main.storyboard;
			sourceTree = "<group>";
		};
/* End PBXVariantGroup section */

/* Begin XCBuildConfiguration section */
		68F4B551205EFA0100017D9F /* Debug */ = {
			isa = XCBuildConfiguration;
			buildSettings = {
				ALWAYS_SEARCH_USER_PATHS = NO;
				CLANG_ANALYZER_NONNULL = YES;
				CLANG_ANALYZER_NUMBER_OBJECT_CONVERSION = YES_AGGRESSIVE;
				CLANG_CXX_LANGUAGE_STANDARD = "gnu++14";
				CLANG_CXX_LIBRARY = "libc++";
				CLANG_ENABLE_MODULES = YES;
				CLANG_ENABLE_OBJC_ARC = YES;
				CLANG_WARN_BLOCK_CAPTURE_AUTORELEASING = YES;
				CLANG_WARN_BOOL_CONVERSION = YES;
				CLANG_WARN_COMMA = YES;
				CLANG_WARN_CONSTANT_CONVERSION = YES;
				CLANG_WARN_DIRECT_OBJC_ISA_USAGE = YES_ERROR;
				CLANG_WARN_DOCUMENTATION_COMMENTS = YES;
				CLANG_WARN_EMPTY_BODY = YES;
				CLANG_WARN_ENUM_CONVERSION = YES;
				CLANG_WARN_INFINITE_RECURSION = YES;
				CLANG_WARN_INT_CONVERSION = YES;
				CLANG_WARN_NON_LITERAL_NULL_CONVERSION = YES;
				CLANG_WARN_OBJC_LITERAL_CONVERSION = YES;
				CLANG_WARN_OBJC_ROOT_CLASS = YES_ERROR;
				CLANG_WARN_RANGE_LOOP_ANALYSIS = YES;
				CLANG_WARN_STRICT_PROTOTYPES = YES;
				CLANG_WARN_SUSPICIOUS_MOVE = YES;
				CLANG_WARN_UNGUARDED_AVAILABILITY = YES_AGGRESSIVE;
				CLANG_WARN_UNREACHABLE_CODE = YES;
				CLANG_WARN__DUPLICATE_METHOD_MATCH = YES;
				CODE_SIGN_IDENTITY = "iPhone Developer";
				COPY_PHASE_STRIP = NO;
				DEBUG_INFORMATION_FORMAT = dwarf;
				ENABLE_STRICT_OBJC_MSGSEND = YES;
				ENABLE_TESTABILITY = YES;
				GCC_C_LANGUAGE_STANDARD = gnu11;
				GCC_DYNAMIC_NO_PIC = NO;
				GCC_NO_COMMON_BLOCKS = YES;
				GCC_OPTIMIZATION_LEVEL = 0;
				GCC_PREPROCESSOR_DEFINITIONS = (
					"DEBUG=1",
					"$(inherited)",
				);
				GCC_WARN_64_TO_32_BIT_CONVERSION = YES;
				GCC_WARN_ABOUT_RETURN_TYPE = YES_ERROR;
				GCC_WARN_UNDECLARED_SELECTOR = YES;
				GCC_WARN_UNINITIALIZED_AUTOS = YES_AGGRESSIVE;
				GCC_WARN_UNUSED_FUNCTION = YES;
				GCC_WARN_UNUSED_VARIABLE = YES;
				IPHONEOS_DEPLOYMENT_TARGET = 11.2;
				MTL_ENABLE_DEBUG_INFO = YES;
				ONLY_ACTIVE_ARCH = YES;
				SDKROOT = iphoneos;
				SWIFT_ACTIVE_COMPILATION_CONDITIONS = DEBUG;
				SWIFT_OPTIMIZATION_LEVEL = "-Onone";
			};
			name = Debug;
		};
		68F4B552205EFA0100017D9F /* Release */ = {
			isa = XCBuildConfiguration;
			buildSettings = {
				ALWAYS_SEARCH_USER_PATHS = NO;
				CLANG_ANALYZER_NONNULL = YES;
				CLANG_ANALYZER_NUMBER_OBJECT_CONVERSION = YES_AGGRESSIVE;
				CLANG_CXX_LANGUAGE_STANDARD = "gnu++14";
				CLANG_CXX_LIBRARY = "libc++";
				CLANG_ENABLE_MODULES = YES;
				CLANG_ENABLE_OBJC_ARC = YES;
				CLANG_WARN_BLOCK_CAPTURE_AUTORELEASING = YES;
				CLANG_WARN_BOOL_CONVERSION = YES;
				CLANG_WARN_COMMA = YES;
				CLANG_WARN_CONSTANT_CONVERSION = YES;
				CLANG_WARN_DIRECT_OBJC_ISA_USAGE = YES_ERROR;
				CLANG_WARN_DOCUMENTATION_COMMENTS = YES;
				CLANG_WARN_EMPTY_BODY = YES;
				CLANG_WARN_ENUM_CONVERSION = YES;
				CLANG_WARN_INFINITE_RECURSION = YES;
				CLANG_WARN_INT_CONVERSION = YES;
				CLANG_WARN_NON_LITERAL_NULL_CONVERSION = YES;
				CLANG_WARN_OBJC_LITERAL_CONVERSION = YES;
				CLANG_WARN_OBJC_ROOT_CLASS = YES_ERROR;
				CLANG_WARN_RANGE_LOOP_ANALYSIS = YES;
				CLANG_WARN_STRICT_PROTOTYPES = YES;
				CLANG_WARN_SUSPICIOUS_MOVE = YES;
				CLANG_WARN_UNGUARDED_AVAILABILITY = YES_AGGRESSIVE;
				CLANG_WARN_UNREACHABLE_CODE = YES;
				CLANG_WARN__DUPLICATE_METHOD_MATCH = YES;
				CODE_SIGN_IDENTITY = "iPhone Developer";
				COPY_PHASE_STRIP = NO;
				DEBUG_INFORMATION_FORMAT = "dwarf-with-dsym";
				ENABLE_NS_ASSERTIONS = NO;
				ENABLE_STRICT_OBJC_MSGSEND = YES;
				GCC_C_LANGUAGE_STANDARD = gnu11;
				GCC_NO_COMMON_BLOCKS = YES;
				GCC_WARN_64_TO_32_BIT_CONVERSION = YES;
				GCC_WARN_ABOUT_RETURN_TYPE = YES_ERROR;
				GCC_WARN_UNDECLARED_SELECTOR = YES;
				GCC_WARN_UNINITIALIZED_AUTOS = YES_AGGRESSIVE;
				GCC_WARN_UNUSED_FUNCTION = YES;
				GCC_WARN_UNUSED_VARIABLE = YES;
				IPHONEOS_DEPLOYMENT_TARGET = 11.2;
				MTL_ENABLE_DEBUG_INFO = NO;
				SDKROOT = iphoneos;
				SWIFT_OPTIMIZATION_LEVEL = "-Owholemodule";
				VALIDATE_PRODUCT = YES;
			};
			name = Release;
		};
		68F4B554205EFA0100017D9F /* Debug */ = {
			isa = XCBuildConfiguration;
			buildSettings = {
				CODE_SIGN_ENTITLEMENTS = "iOrg/Supporting Files/iOrg.entitlements";
				CODE_SIGN_STYLE = Automatic;
				DEVELOPMENT_TEAM = FL8523SFDK;
				INFOPLIST_FILE = "$(SRCROOT)/iOrg/Supporting Files/Info.plist";
				LD_RUNPATH_SEARCH_PATHS = "$(inherited) @executable_path/Frameworks";
				PRODUCT_BUNDLE_IDENTIFIER = com.garrettdavidson.iOrg;
				PRODUCT_NAME = "$(TARGET_NAME)";
				SWIFT_VERSION = 4.0;
				TARGETED_DEVICE_FAMILY = "1,2";
			};
			name = Debug;
		};
		68F4B555205EFA0100017D9F /* Release */ = {
			isa = XCBuildConfiguration;
			buildSettings = {
				CODE_SIGN_ENTITLEMENTS = "iOrg/Supporting Files/iOrg.entitlements";
				CODE_SIGN_STYLE = Automatic;
				DEVELOPMENT_TEAM = FL8523SFDK;
				INFOPLIST_FILE = "$(SRCROOT)/iOrg/Supporting Files/Info.plist";
				LD_RUNPATH_SEARCH_PATHS = "$(inherited) @executable_path/Frameworks";
				PRODUCT_BUNDLE_IDENTIFIER = com.garrettdavidson.iOrg;
				PRODUCT_NAME = "$(TARGET_NAME)";
				SWIFT_VERSION = 4.0;
				TARGETED_DEVICE_FAMILY = "1,2";
			};
			name = Release;
		};
		68F4B557205EFA0100017D9F /* Debug */ = {
			isa = XCBuildConfiguration;
			buildSettings = {
				ALWAYS_EMBED_SWIFT_STANDARD_LIBRARIES = YES;
				BUNDLE_LOADER = "$(TEST_HOST)";
				CODE_SIGN_STYLE = Automatic;
				DEVELOPMENT_TEAM = FL8523SFDK;
				INFOPLIST_FILE = iOrgTests/Info.plist;
				LD_RUNPATH_SEARCH_PATHS = "$(inherited) @executable_path/Frameworks @loader_path/Frameworks";
				PRODUCT_BUNDLE_IDENTIFIER = com.garrettdavidson.iOrgTests;
				PRODUCT_NAME = "$(TARGET_NAME)";
				SWIFT_VERSION = 4.0;
				TARGETED_DEVICE_FAMILY = "1,2";
				TEST_HOST = "$(BUILT_PRODUCTS_DIR)/iOrg.app/iOrg";
			};
			name = Debug;
		};
		68F4B558205EFA0100017D9F /* Release */ = {
			isa = XCBuildConfiguration;
			buildSettings = {
				ALWAYS_EMBED_SWIFT_STANDARD_LIBRARIES = YES;
				BUNDLE_LOADER = "$(TEST_HOST)";
				CODE_SIGN_STYLE = Automatic;
				DEVELOPMENT_TEAM = FL8523SFDK;
				INFOPLIST_FILE = iOrgTests/Info.plist;
				LD_RUNPATH_SEARCH_PATHS = "$(inherited) @executable_path/Frameworks @loader_path/Frameworks";
				PRODUCT_BUNDLE_IDENTIFIER = com.garrettdavidson.iOrgTests;
				PRODUCT_NAME = "$(TARGET_NAME)";
				SWIFT_VERSION = 4.0;
				TARGETED_DEVICE_FAMILY = "1,2";
				TEST_HOST = "$(BUILT_PRODUCTS_DIR)/iOrg.app/iOrg";
			};
			name = Release;
		};
		68F4B55A205EFA0100017D9F /* Debug */ = {
			isa = XCBuildConfiguration;
			buildSettings = {
				ALWAYS_EMBED_SWIFT_STANDARD_LIBRARIES = YES;
				CODE_SIGN_STYLE = Automatic;
				DEVELOPMENT_TEAM = FL8523SFDK;
				INFOPLIST_FILE = iOrgUITests/Info.plist;
				LD_RUNPATH_SEARCH_PATHS = "$(inherited) @executable_path/Frameworks @loader_path/Frameworks";
				PRODUCT_BUNDLE_IDENTIFIER = com.garrettdavidson.iOrgUITests;
				PRODUCT_NAME = "$(TARGET_NAME)";
				SWIFT_VERSION = 4.0;
				TARGETED_DEVICE_FAMILY = "1,2";
				TEST_TARGET_NAME = iOrg;
			};
			name = Debug;
		};
		68F4B55B205EFA0100017D9F /* Release */ = {
			isa = XCBuildConfiguration;
			buildSettings = {
				ALWAYS_EMBED_SWIFT_STANDARD_LIBRARIES = YES;
				CODE_SIGN_STYLE = Automatic;
				DEVELOPMENT_TEAM = FL8523SFDK;
				INFOPLIST_FILE = iOrgUITests/Info.plist;
				LD_RUNPATH_SEARCH_PATHS = "$(inherited) @executable_path/Frameworks @loader_path/Frameworks";
				PRODUCT_BUNDLE_IDENTIFIER = com.garrettdavidson.iOrgUITests;
				PRODUCT_NAME = "$(TARGET_NAME)";
				SWIFT_VERSION = 4.0;
				TARGETED_DEVICE_FAMILY = "1,2";
				TEST_TARGET_NAME = iOrg;
			};
			name = Release;
		};
/* End XCBuildConfiguration section */

/* Begin XCConfigurationList section */
		68F4B522205EFA0100017D9F /* Build configuration list for PBXProject "iOrg" */ = {
			isa = XCConfigurationList;
			buildConfigurations = (
				68F4B551205EFA0100017D9F /* Debug */,
				68F4B552205EFA0100017D9F /* Release */,
			);
			defaultConfigurationIsVisible = 0;
			defaultConfigurationName = Release;
		};
		68F4B553205EFA0100017D9F /* Build configuration list for PBXNativeTarget "iOrg" */ = {
			isa = XCConfigurationList;
			buildConfigurations = (
				68F4B554205EFA0100017D9F /* Debug */,
				68F4B555205EFA0100017D9F /* Release */,
			);
			defaultConfigurationIsVisible = 0;
			defaultConfigurationName = Release;
		};
		68F4B556205EFA0100017D9F /* Build configuration list for PBXNativeTarget "iOrgTests" */ = {
			isa = XCConfigurationList;
			buildConfigurations = (
				68F4B557205EFA0100017D9F /* Debug */,
				68F4B558205EFA0100017D9F /* Release */,
			);
			defaultConfigurationIsVisible = 0;
			defaultConfigurationName = Release;
		};
		68F4B559205EFA0100017D9F /* Build configuration list for PBXNativeTarget "iOrgUITests" */ = {
			isa = XCConfigurationList;
			buildConfigurations = (
				68F4B55A205EFA0100017D9F /* Debug */,
				68F4B55B205EFA0100017D9F /* Release */,
			);
			defaultConfigurationIsVisible = 0;
			defaultConfigurationName = Release;
		};
/* End XCConfigurationList section */
	};
	rootObject = 68F4B51F205EFA0100017D9F /* Project object */;
}
